
Microsoft Visual Studio Solution File, Format Version 12.00
# Visual Studio Version 17
VisualStudioVersion = 17.10.35013.160
MinimumVisualStudioVersion = 10.0.40219.1
Project("{FAE04EC0-301F-11D3-BF4B-00C04F79EFBC}") = "RedoPawProj", "RedoPawProj\RedoPawProj.csproj", "{5F6689CC-90FE-4D3A-AF9F-41768732567C}"
EndProject
Global
	GlobalSection(SolutionConfigurationPlatforms) = preSolution
		Debug|Any CPU = Debug|Any CPU
		Release|Any CPU = Release|Any CPU
	EndGlobalSection
	GlobalSection(ProjectConfigurationPlatforms) = postSolution
		{5F6689CC-90FE-4D3A-AF9F-41768732567C}.Debug|Any CPU.ActiveCfg = Debug|Any CPU
		{5F6689CC-90FE-4D3A-AF9F-41768732567C}.Debug|Any CPU.Build.0 = Debug|Any CPU
		{5F6689CC-90FE-4D3A-AF9F-41768732567C}.Release|Any CPU.ActiveCfg = Release|Any CPU
		{5F6689CC-90FE-4D3A-AF9F-41768732567C}.Release|Any CPU.Build.0 = Release|Any CPU
	EndGlobalSection
	GlobalSection(SolutionProperties) = preSolution
		HideSolutionNode = FALSE
	EndGlobalSection
	GlobalSection(ExtensibilityGlobals) = postSolution
		SolutionGuid = {F2523F0A-734E-4DBA-9EA4-ECE279EAE3FA}
	EndGlobalSection
EndGlobal
